// !$*UTF8*$!
{
	archiveVersion = 1;
	classes = {
	};
	objectVersion = 56;
	objects = {

/* Begin PBXBuildFile section */
		6968D3D22AA7D293005114FC /* RompalApp.swift in Sources */ = {isa = PBXBuildFile; fileRef = 6968D3D12AA7D293005114FC /* RompalApp.swift */; };
		6968D3D62AA7D293005114FC /* Home.swift in Sources */ = {isa = PBXBuildFile; fileRef = 6968D3D52AA7D293005114FC /* Home.swift */; };
		6968D3D82AA7D294005114FC /* Assets.xcassets in Resources */ = {isa = PBXBuildFile; fileRef = 6968D3D72AA7D294005114FC /* Assets.xcassets */; };
		6968D3DB2AA7D294005114FC /* Preview Assets.xcassets in Resources */ = {isa = PBXBuildFile; fileRef = 6968D3DA2AA7D294005114FC /* Preview Assets.xcassets */; };
		6968D3E52AA8E100005114FC /* AnalogueOS-Regular.ttf in Resources */ = {isa = PBXBuildFile; fileRef = 6968D3E42AA8E100005114FC /* AnalogueOS-Regular.ttf */; };
		6968D3E82AA8E18C005114FC /* Font+Extensions.swift in Sources */ = {isa = PBXBuildFile; fileRef = 6968D3E72AA8E18C005114FC /* Font+Extensions.swift */; };
		69EF96FA2AA9178F00BDCD2C /* ImportView.swift in Sources */ = {isa = PBXBuildFile; fileRef = 69EF96F92AA9178F00BDCD2C /* ImportView.swift */; };
		69EF96FE2AA9190B00BDCD2C /* AnalogueButtonStyle.swift in Sources */ = {isa = PBXBuildFile; fileRef = 69EF96FD2AA9190B00BDCD2C /* AnalogueButtonStyle.swift */; };
		69EF97012AA921DA00BDCD2C /* EdgeBorder.swift in Sources */ = {isa = PBXBuildFile; fileRef = 69EF97002AA921DA00BDCD2C /* EdgeBorder.swift */; };
		69EF97032AA921F000BDCD2C /* View+Extensions.swift in Sources */ = {isa = PBXBuildFile; fileRef = 69EF97022AA921F000BDCD2C /* View+Extensions.swift */; };
		69EF97062AA9221A00BDCD2C /* MenuOption.swift in Sources */ = {isa = PBXBuildFile; fileRef = 69EF97052AA9221A00BDCD2C /* MenuOption.swift */; };
		69EF970B2AA9474000BDCD2C /* GBA_DB.dat in Resources */ = {isa = PBXBuildFile; fileRef = 69EF97082AA9474000BDCD2C /* GBA_DB.dat */; };
		69EF970C2AA9474000BDCD2C /* GBC_DB.dat in Resources */ = {isa = PBXBuildFile; fileRef = 69EF97092AA9474000BDCD2C /* GBC_DB.dat */; };
		69EF970D2AA9474000BDCD2C /* GB_DB.dat in Resources */ = {isa = PBXBuildFile; fileRef = 69EF970A2AA9474000BDCD2C /* GB_DB.dat */; };
		69EF970F2AA9492200BDCD2C /* Game.swift in Sources */ = {isa = PBXBuildFile; fileRef = 69EF970E2AA9492200BDCD2C /* Game.swift */; };
		69EF97112AA9493400BDCD2C /* Rom.swift in Sources */ = {isa = PBXBuildFile; fileRef = 69EF97102AA9493400BDCD2C /* Rom.swift */; };
		69EF97142AA949B700BDCD2C /* DBService.swift in Sources */ = {isa = PBXBuildFile; fileRef = 69EF97132AA949B700BDCD2C /* DBService.swift */; };
		69EF97162AA9526C00BDCD2C /* ExploreView.swift in Sources */ = {isa = PBXBuildFile; fileRef = 69EF97152AA9526C00BDCD2C /* ExploreView.swift */; };
/* End PBXBuildFile section */

/* Begin PBXFileReference section */
		6968D3CE2AA7D293005114FC /* Rompal.app */ = {isa = PBXFileReference; explicitFileType = wrapper.application; includeInIndex = 0; path = Rompal.app; sourceTree = BUILT_PRODUCTS_DIR; };
		6968D3D12AA7D293005114FC /* RompalApp.swift */ = {isa = PBXFileReference; lastKnownFileType = sourcecode.swift; path = RompalApp.swift; sourceTree = "<group>"; };
		6968D3D52AA7D293005114FC /* Home.swift */ = {isa = PBXFileReference; lastKnownFileType = sourcecode.swift; path = Home.swift; sourceTree = "<group>"; };
		6968D3D72AA7D294005114FC /* Assets.xcassets */ = {isa = PBXFileReference; lastKnownFileType = folder.assetcatalog; path = Assets.xcassets; sourceTree = "<group>"; };
		6968D3DA2AA7D294005114FC /* Preview Assets.xcassets */ = {isa = PBXFileReference; lastKnownFileType = folder.assetcatalog; path = "Preview Assets.xcassets"; sourceTree = "<group>"; };
		6968D3DC2AA7D294005114FC /* Info.plist */ = {isa = PBXFileReference; lastKnownFileType = text.plist.xml; path = Info.plist; sourceTree = "<group>"; };
		6968D3DD2AA7D294005114FC /* Rompal.entitlements */ = {isa = PBXFileReference; lastKnownFileType = text.plist.entitlements; path = Rompal.entitlements; sourceTree = "<group>"; };
		6968D3E42AA8E100005114FC /* AnalogueOS-Regular.ttf */ = {isa = PBXFileReference; lastKnownFileType = file; path = "AnalogueOS-Regular.ttf"; sourceTree = "<group>"; };
		6968D3E72AA8E18C005114FC /* Font+Extensions.swift */ = {isa = PBXFileReference; lastKnownFileType = sourcecode.swift; path = "Font+Extensions.swift"; sourceTree = "<group>"; };
		69EF96F92AA9178F00BDCD2C /* ImportView.swift */ = {isa = PBXFileReference; lastKnownFileType = sourcecode.swift; path = ImportView.swift; sourceTree = "<group>"; };
		69EF96FD2AA9190B00BDCD2C /* AnalogueButtonStyle.swift */ = {isa = PBXFileReference; lastKnownFileType = sourcecode.swift; path = AnalogueButtonStyle.swift; sourceTree = "<group>"; };
		69EF97002AA921DA00BDCD2C /* EdgeBorder.swift */ = {isa = PBXFileReference; lastKnownFileType = sourcecode.swift; path = EdgeBorder.swift; sourceTree = "<group>"; };
		69EF97022AA921F000BDCD2C /* View+Extensions.swift */ = {isa = PBXFileReference; lastKnownFileType = sourcecode.swift; path = "View+Extensions.swift"; sourceTree = "<group>"; };
		69EF97052AA9221A00BDCD2C /* MenuOption.swift */ = {isa = PBXFileReference; lastKnownFileType = sourcecode.swift; path = MenuOption.swift; sourceTree = "<group>"; };
		69EF97082AA9474000BDCD2C /* GBA_DB.dat */ = {isa = PBXFileReference; fileEncoding = 4; lastKnownFileType = text.xml; path = GBA_DB.dat; sourceTree = "<group>"; };
		69EF97092AA9474000BDCD2C /* GBC_DB.dat */ = {isa = PBXFileReference; fileEncoding = 4; lastKnownFileType = text.xml; path = GBC_DB.dat; sourceTree = "<group>"; };
		69EF970A2AA9474000BDCD2C /* GB_DB.dat */ = {isa = PBXFileReference; fileEncoding = 4; lastKnownFileType = text.xml; path = GB_DB.dat; sourceTree = "<group>"; };
		69EF970E2AA9492200BDCD2C /* Game.swift */ = {isa = PBXFileReference; lastKnownFileType = sourcecode.swift; path = Game.swift; sourceTree = "<group>"; };
		69EF97102AA9493400BDCD2C /* Rom.swift */ = {isa = PBXFileReference; lastKnownFileType = sourcecode.swift; path = Rom.swift; sourceTree = "<group>"; };
		69EF97132AA949B700BDCD2C /* DBService.swift */ = {isa = PBXFileReference; lastKnownFileType = sourcecode.swift; path = DBService.swift; sourceTree = "<group>"; };
		69EF97152AA9526C00BDCD2C /* ExploreView.swift */ = {isa = PBXFileReference; lastKnownFileType = sourcecode.swift; path = ExploreView.swift; sourceTree = "<group>"; };
/* End PBXFileReference section */

/* Begin PBXFrameworksBuildPhase section */
		6968D3CB2AA7D293005114FC /* Frameworks */ = {
			isa = PBXFrameworksBuildPhase;
			buildActionMask = 2147483647;
			files = (
			);
			runOnlyForDeploymentPostprocessing = 0;
		};
/* End PBXFrameworksBuildPhase section */

/* Begin PBXGroup section */
		6968D3C52AA7D293005114FC = {
			isa = PBXGroup;
			children = (
				6968D3D02AA7D293005114FC /* Rompal */,
				6968D3CF2AA7D293005114FC /* Products */,
			);
			sourceTree = "<group>";
		};
		6968D3CF2AA7D293005114FC /* Products */ = {
			isa = PBXGroup;
			children = (
				6968D3CE2AA7D293005114FC /* Rompal.app */,
			);
			name = Products;
			sourceTree = "<group>";
		};
		6968D3D02AA7D293005114FC /* Rompal */ = {
			isa = PBXGroup;
			children = (
				69EF97122AA949A200BDCD2C /* Services */,
				69EF97072AA9473300BDCD2C /* Databases */,
				69EF97042AA9220B00BDCD2C /* Models */,
				69EF96FB2AA918E800BDCD2C /* Styles */,
				6968D3EA2AA8E4B8005114FC /* Components */,
				6968D3E92AA8E4A7005114FC /* Views */,
				6968D3E62AA8E12A005114FC /* Extensions */,
				6968D3E32AA8E0F2005114FC /* Fonts */,
				6968D3D12AA7D293005114FC /* RompalApp.swift */,
				6968D3D72AA7D294005114FC /* Assets.xcassets */,
				6968D3DC2AA7D294005114FC /* Info.plist */,
				6968D3DD2AA7D294005114FC /* Rompal.entitlements */,
				6968D3D92AA7D294005114FC /* Preview Content */,
			);
			path = Rompal;
			sourceTree = "<group>";
		};
		6968D3D92AA7D294005114FC /* Preview Content */ = {
			isa = PBXGroup;
			children = (
				6968D3DA2AA7D294005114FC /* Preview Assets.xcassets */,
			);
			path = "Preview Content";
			sourceTree = "<group>";
		};
		6968D3E32AA8E0F2005114FC /* Fonts */ = {
			isa = PBXGroup;
			children = (
				6968D3E42AA8E100005114FC /* AnalogueOS-Regular.ttf */,
			);
			path = Fonts;
			sourceTree = "<group>";
		};
		6968D3E62AA8E12A005114FC /* Extensions */ = {
			isa = PBXGroup;
			children = (
				6968D3E72AA8E18C005114FC /* Font+Extensions.swift */,
				69EF97022AA921F000BDCD2C /* View+Extensions.swift */,
			);
			path = Extensions;
			sourceTree = "<group>";
		};
		6968D3E92AA8E4A7005114FC /* Views */ = {
			isa = PBXGroup;
			children = (
				6968D3D52AA7D293005114FC /* Home.swift */,
				69EF96F92AA9178F00BDCD2C /* ImportView.swift */,
				69EF97152AA9526C00BDCD2C /* ExploreView.swift */,
			);
			path = Views;
			sourceTree = "<group>";
		};
		6968D3EA2AA8E4B8005114FC /* Components */ = {
			isa = PBXGroup;
			children = (
				69EF96FF2AA921D000BDCD2C /* Shapes */,
			);
			path = Components;
			sourceTree = "<group>";
		};
		69EF96FB2AA918E800BDCD2C /* Styles */ = {
			isa = PBXGroup;
			children = (
				69EF96FC2AA918EE00BDCD2C /* Button Styles */,
			);
			path = Styles;
			sourceTree = "<group>";
		};
		69EF96FC2AA918EE00BDCD2C /* Button Styles */ = {
			isa = PBXGroup;
			children = (
				69EF96FD2AA9190B00BDCD2C /* AnalogueButtonStyle.swift */,
			);
			path = "Button Styles";
			sourceTree = "<group>";
		};
		69EF96FF2AA921D000BDCD2C /* Shapes */ = {
			isa = PBXGroup;
			children = (
				69EF97002AA921DA00BDCD2C /* EdgeBorder.swift */,
			);
			path = Shapes;
			sourceTree = "<group>";
		};
		69EF97042AA9220B00BDCD2C /* Models */ = {
			isa = PBXGroup;
			children = (
				69EF97052AA9221A00BDCD2C /* MenuOption.swift */,
				69EF970E2AA9492200BDCD2C /* Game.swift */,
				69EF97102AA9493400BDCD2C /* Rom.swift */,
			);
			path = Models;
			sourceTree = "<group>";
		};
		69EF97072AA9473300BDCD2C /* Databases */ = {
			isa = PBXGroup;
			children = (
				69EF970A2AA9474000BDCD2C /* GB_DB.dat */,
				69EF97082AA9474000BDCD2C /* GBA_DB.dat */,
				69EF97092AA9474000BDCD2C /* GBC_DB.dat */,
			);
			path = Databases;
			sourceTree = "<group>";
		};
		69EF97122AA949A200BDCD2C /* Services */ = {
			isa = PBXGroup;
			children = (
				69EF97132AA949B700BDCD2C /* DBService.swift */,
			);
			path = Services;
			sourceTree = "<group>";
		};
/* End PBXGroup section */

/* Begin PBXNativeTarget section */
		6968D3CD2AA7D293005114FC /* Rompal */ = {
			isa = PBXNativeTarget;
			buildConfigurationList = 6968D3E02AA7D294005114FC /* Build configuration list for PBXNativeTarget "Rompal" */;
			buildPhases = (
				6968D3CA2AA7D293005114FC /* Sources */,
				6968D3CB2AA7D293005114FC /* Frameworks */,
				6968D3CC2AA7D293005114FC /* Resources */,
			);
			buildRules = (
			);
			dependencies = (
			);
			name = Rompal;
			productName = Rompal;
			productReference = 6968D3CE2AA7D293005114FC /* Rompal.app */;
			productType = "com.apple.product-type.application";
		};
/* End PBXNativeTarget section */

/* Begin PBXProject section */
		6968D3C62AA7D293005114FC /* Project object */ = {
			isa = PBXProject;
			attributes = {
				BuildIndependentTargetsInParallel = 1;
				LastSwiftUpdateCheck = 1500;
				LastUpgradeCheck = 1500;
				TargetAttributes = {
					6968D3CD2AA7D293005114FC = {
						CreatedOnToolsVersion = 15.0;
					};
				};
			};
			buildConfigurationList = 6968D3C92AA7D293005114FC /* Build configuration list for PBXProject "Rompal" */;
			compatibilityVersion = "Xcode 14.0";
			developmentRegion = en;
			hasScannedForEncodings = 0;
			knownRegions = (
				en,
				Base,
			);
			mainGroup = 6968D3C52AA7D293005114FC;
			productRefGroup = 6968D3CF2AA7D293005114FC /* Products */;
			projectDirPath = "";
			projectRoot = "";
			targets = (
				6968D3CD2AA7D293005114FC /* Rompal */,
			);
		};
/* End PBXProject section */

/* Begin PBXResourcesBuildPhase section */
		6968D3CC2AA7D293005114FC /* Resources */ = {
			isa = PBXResourcesBuildPhase;
			buildActionMask = 2147483647;
			files = (
				69EF970D2AA9474000BDCD2C /* GB_DB.dat in Resources */,
				69EF970B2AA9474000BDCD2C /* GBA_DB.dat in Resources */,
				69EF970C2AA9474000BDCD2C /* GBC_DB.dat in Resources */,
				6968D3DB2AA7D294005114FC /* Preview Assets.xcassets in Resources */,
				6968D3D82AA7D294005114FC /* Assets.xcassets in Resources */,
				6968D3E52AA8E100005114FC /* AnalogueOS-Regular.ttf in Resources */,
			);
			runOnlyForDeploymentPostprocessing = 0;
		};
/* End PBXResourcesBuildPhase section */

/* Begin PBXSourcesBuildPhase section */
		6968D3CA2AA7D293005114FC /* Sources */ = {
			isa = PBXSourcesBuildPhase;
			buildActionMask = 2147483647;
			files = (
				6968D3E82AA8E18C005114FC /* Font+Extensions.swift in Sources */,
				69EF970F2AA9492200BDCD2C /* Game.swift in Sources */,
				69EF97062AA9221A00BDCD2C /* MenuOption.swift in Sources */,
				69EF96FA2AA9178F00BDCD2C /* ImportView.swift in Sources */,
				6968D3D22AA7D293005114FC /* RompalApp.swift in Sources */,
				69EF97032AA921F000BDCD2C /* View+Extensions.swift in Sources */,
				69EF96FE2AA9190B00BDCD2C /* AnalogueButtonStyle.swift in Sources */,
				69EF97142AA949B700BDCD2C /* DBService.swift in Sources */,
				69EF97012AA921DA00BDCD2C /* EdgeBorder.swift in Sources */,
				69EF97112AA9493400BDCD2C /* Rom.swift in Sources */,
				69EF97162AA9526C00BDCD2C /* ExploreView.swift in Sources */,
				6968D3D62AA7D293005114FC /* Home.swift in Sources */,
			);
			runOnlyForDeploymentPostprocessing = 0;
		};
/* End PBXSourcesBuildPhase section */

/* Begin XCBuildConfiguration section */
		6968D3DE2AA7D294005114FC /* Debug */ = {
			isa = XCBuildConfiguration;
			buildSettings = {
				ALWAYS_SEARCH_USER_PATHS = NO;
				ASSETCATALOG_COMPILER_GENERATE_SWIFT_ASSET_SYMBOL_EXTENSIONS = YES;
				CLANG_ANALYZER_NONNULL = YES;
				CLANG_ANALYZER_NUMBER_OBJECT_CONVERSION = YES_AGGRESSIVE;
				CLANG_CXX_LANGUAGE_STANDARD = "gnu++20";
				CLANG_ENABLE_MODULES = YES;
				CLANG_ENABLE_OBJC_ARC = YES;
				CLANG_ENABLE_OBJC_WEAK = YES;
				CLANG_WARN_BLOCK_CAPTURE_AUTORELEASING = YES;
				CLANG_WARN_BOOL_CONVERSION = YES;
				CLANG_WARN_COMMA = YES;
				CLANG_WARN_CONSTANT_CONVERSION = YES;
				CLANG_WARN_DEPRECATED_OBJC_IMPLEMENTATIONS = YES;
				CLANG_WARN_DIRECT_OBJC_ISA_USAGE = YES_ERROR;
				CLANG_WARN_DOCUMENTATION_COMMENTS = YES;
				CLANG_WARN_EMPTY_BODY = YES;
				CLANG_WARN_ENUM_CONVERSION = YES;
				CLANG_WARN_INFINITE_RECURSION = YES;
				CLANG_WARN_INT_CONVERSION = YES;
				CLANG_WARN_NON_LITERAL_NULL_CONVERSION = YES;
				CLANG_WARN_OBJC_IMPLICIT_RETAIN_SELF = YES;
				CLANG_WARN_OBJC_LITERAL_CONVERSION = YES;
				CLANG_WARN_OBJC_ROOT_CLASS = YES_ERROR;
				CLANG_WARN_QUOTED_INCLUDE_IN_FRAMEWORK_HEADER = YES;
				CLANG_WARN_RANGE_LOOP_ANALYSIS = YES;
				CLANG_WARN_STRICT_PROTOTYPES = YES;
				CLANG_WARN_SUSPICIOUS_MOVE = YES;
				CLANG_WARN_UNGUARDED_AVAILABILITY = YES_AGGRESSIVE;
				CLANG_WARN_UNREACHABLE_CODE = YES;
				CLANG_WARN__DUPLICATE_METHOD_MATCH = YES;
				COPY_PHASE_STRIP = NO;
				DEBUG_INFORMATION_FORMAT = dwarf;
				ENABLE_STRICT_OBJC_MSGSEND = YES;
				ENABLE_TESTABILITY = YES;
				ENABLE_USER_SCRIPT_SANDBOXING = YES;
				GCC_C_LANGUAGE_STANDARD = gnu17;
				GCC_DYNAMIC_NO_PIC = NO;
				GCC_NO_COMMON_BLOCKS = YES;
				GCC_OPTIMIZATION_LEVEL = 0;
				GCC_PREPROCESSOR_DEFINITIONS = (
					"DEBUG=1",
					"$(inherited)",
				);
				GCC_WARN_64_TO_32_BIT_CONVERSION = YES;
				GCC_WARN_ABOUT_RETURN_TYPE = YES_ERROR;
				GCC_WARN_UNDECLARED_SELECTOR = YES;
				GCC_WARN_UNINITIALIZED_AUTOS = YES_AGGRESSIVE;
				GCC_WARN_UNUSED_FUNCTION = YES;
				GCC_WARN_UNUSED_VARIABLE = YES;
				LOCALIZATION_PREFERS_STRING_CATALOGS = YES;
				MACOSX_DEPLOYMENT_TARGET = 13.4;
				MTL_ENABLE_DEBUG_INFO = INCLUDE_SOURCE;
				MTL_FAST_MATH = YES;
				ONLY_ACTIVE_ARCH = YES;
				SDKROOT = macosx;
				SWIFT_ACTIVE_COMPILATION_CONDITIONS = "DEBUG $(inherited)";
				SWIFT_OPTIMIZATION_LEVEL = "-Onone";
			};
			name = Debug;
		};
		6968D3DF2AA7D294005114FC /* Release */ = {
			isa = XCBuildConfiguration;
			buildSettings = {
				ALWAYS_SEARCH_USER_PATHS = NO;
				ASSETCATALOG_COMPILER_GENERATE_SWIFT_ASSET_SYMBOL_EXTENSIONS = YES;
				CLANG_ANALYZER_NONNULL = YES;
				CLANG_ANALYZER_NUMBER_OBJECT_CONVERSION = YES_AGGRESSIVE;
				CLANG_CXX_LANGUAGE_STANDARD = "gnu++20";
				CLANG_ENABLE_MODULES = YES;
				CLANG_ENABLE_OBJC_ARC = YES;
				CLANG_ENABLE_OBJC_WEAK = YES;
				CLANG_WARN_BLOCK_CAPTURE_AUTORELEASING = YES;
				CLANG_WARN_BOOL_CONVERSION = YES;
				CLANG_WARN_COMMA = YES;
				CLANG_WARN_CONSTANT_CONVERSION = YES;
				CLANG_WARN_DEPRECATED_OBJC_IMPLEMENTATIONS = YES;
				CLANG_WARN_DIRECT_OBJC_ISA_USAGE = YES_ERROR;
				CLANG_WARN_DOCUMENTATION_COMMENTS = YES;
				CLANG_WARN_EMPTY_BODY = YES;
				CLANG_WARN_ENUM_CONVERSION = YES;
				CLANG_WARN_INFINITE_RECURSION = YES;
				CLANG_WARN_INT_CONVERSION = YES;
				CLANG_WARN_NON_LITERAL_NULL_CONVERSION = YES;
				CLANG_WARN_OBJC_IMPLICIT_RETAIN_SELF = YES;
				CLANG_WARN_OBJC_LITERAL_CONVERSION = YES;
				CLANG_WARN_OBJC_ROOT_CLASS = YES_ERROR;
				CLANG_WARN_QUOTED_INCLUDE_IN_FRAMEWORK_HEADER = YES;
				CLANG_WARN_RANGE_LOOP_ANALYSIS = YES;
				CLANG_WARN_STRICT_PROTOTYPES = YES;
				CLANG_WARN_SUSPICIOUS_MOVE = YES;
				CLANG_WARN_UNGUARDED_AVAILABILITY = YES_AGGRESSIVE;
				CLANG_WARN_UNREACHABLE_CODE = YES;
				CLANG_WARN__DUPLICATE_METHOD_MATCH = YES;
				COPY_PHASE_STRIP = NO;
				DEBUG_INFORMATION_FORMAT = "dwarf-with-dsym";
				ENABLE_NS_ASSERTIONS = NO;
				ENABLE_STRICT_OBJC_MSGSEND = YES;
				ENABLE_USER_SCRIPT_SANDBOXING = YES;
				GCC_C_LANGUAGE_STANDARD = gnu17;
				GCC_NO_COMMON_BLOCKS = YES;
				GCC_WARN_64_TO_32_BIT_CONVERSION = YES;
				GCC_WARN_ABOUT_RETURN_TYPE = YES_ERROR;
				GCC_WARN_UNDECLARED_SELECTOR = YES;
				GCC_WARN_UNINITIALIZED_AUTOS = YES_AGGRESSIVE;
				GCC_WARN_UNUSED_FUNCTION = YES;
				GCC_WARN_UNUSED_VARIABLE = YES;
				LOCALIZATION_PREFERS_STRING_CATALOGS = YES;
				MACOSX_DEPLOYMENT_TARGET = 13.4;
				MTL_ENABLE_DEBUG_INFO = NO;
				MTL_FAST_MATH = YES;
				SDKROOT = macosx;
				SWIFT_COMPILATION_MODE = wholemodule;
			};
			name = Release;
		};
		6968D3E12AA7D294005114FC /* Debug */ = {
			isa = XCBuildConfiguration;
			buildSettings = {
				ASSETCATALOG_COMPILER_APPICON_NAME = AppIcon;
				ASSETCATALOG_COMPILER_GLOBAL_ACCENT_COLOR_NAME = AccentColor;
				CODE_SIGN_ENTITLEMENTS = Rompal/Rompal.entitlements;
				CODE_SIGN_STYLE = Automatic;
				COMBINE_HIDPI_IMAGES = YES;
				CURRENT_PROJECT_VERSION = 1;
				DEVELOPMENT_ASSET_PATHS = "\"Rompal/Preview Content\"";
				DEVELOPMENT_TEAM = KTT489CN3H;
				ENABLE_HARDENED_RUNTIME = YES;
				ENABLE_PREVIEWS = YES;
				GENERATE_INFOPLIST_FILE = YES;
				INFOPLIST_FILE = Rompal/Info.plist;
				INFOPLIST_KEY_NSHumanReadableCopyright = "";
				LD_RUNPATH_SEARCH_PATHS = (
					"$(inherited)",
					"@executable_path/../Frameworks",
				);
				MACOSX_DEPLOYMENT_TARGET = 13.0;
				MARKETING_VERSION = 1.0;
				PRODUCT_BUNDLE_IDENTIFIER = com.sample.wireviewer.Rompal;
				PRODUCT_NAME = "$(TARGET_NAME)";
				SWIFT_EMIT_LOC_STRINGS = YES;
				SWIFT_VERSION = 5.0;
			};
			name = Debug;
		};
		6968D3E22AA7D294005114FC /* Release */ = {
			isa = XCBuildConfiguration;
			buildSettings = {
				ASSETCATALOG_COMPILER_APPICON_NAME = AppIcon;
				ASSETCATALOG_COMPILER_GLOBAL_ACCENT_COLOR_NAME = AccentColor;
				CODE_SIGN_ENTITLEMENTS = Rompal/Rompal.entitlements;
				CODE_SIGN_STYLE = Automatic;
				COMBINE_HIDPI_IMAGES = YES;
				CURRENT_PROJECT_VERSION = 1;
				DEVELOPMENT_ASSET_PATHS = "\"Rompal/Preview Content\"";
				DEVELOPMENT_TEAM = KTT489CN3H;
				ENABLE_HARDENED_RUNTIME = YES;
				ENABLE_PREVIEWS = YES;
				GENERATE_INFOPLIST_FILE = YES;
				INFOPLIST_FILE = Rompal/Info.plist;
				INFOPLIST_KEY_NSHumanReadableCopyright = "";
				LD_RUNPATH_SEARCH_PATHS = (
					"$(inherited)",
					"@executable_path/../Frameworks",
				);
				MACOSX_DEPLOYMENT_TARGET = 13.0;
				MARKETING_VERSION = 1.0;
				PRODUCT_BUNDLE_IDENTIFIER = com.sample.wireviewer.Rompal;
				PRODUCT_NAME = "$(TARGET_NAME)";
				SWIFT_EMIT_LOC_STRINGS = YES;
				SWIFT_VERSION = 5.0;
			};
			name = Release;
		};
/* End XCBuildConfiguration section */

/* Begin XCConfigurationList section */
		6968D3C92AA7D293005114FC /* Build configuration list for PBXProject "Rompal" */ = {
			isa = XCConfigurationList;
			buildConfigurations = (
				6968D3DE2AA7D294005114FC /* Debug */,
				6968D3DF2AA7D294005114FC /* Release */,
			);
			defaultConfigurationIsVisible = 0;
			defaultConfigurationName = Release;
		};
		6968D3E02AA7D294005114FC /* Build configuration list for PBXNativeTarget "Rompal" */ = {
			isa = XCConfigurationList;
			buildConfigurations = (
				6968D3E12AA7D294005114FC /* Debug */,
				6968D3E22AA7D294005114FC /* Release */,
			);
			defaultConfigurationIsVisible = 0;
			defaultConfigurationName = Release;
		};
/* End XCConfigurationList section */
	};
	rootObject = 6968D3C62AA7D293005114FC /* Project object */;
}
